
Microsoft Visual Studio Solution File, Format Version 12.00
# Visual Studio Version 17
VisualStudioVersion = 17.5.002.0
MinimumVisualStudioVersion = 10.0.40219.1
Project("{9A19103F-16F7-4668-BE54-9A1E7A4F7556}") = "ClientLauncher", "ClientLauncher\ClientLauncher.csproj", "{77B77F7C-63F8-4EB1-8548-F1526F7BF2DA}"
EndProject
Global
	GlobalSection(SolutionConfigurationPlatforms) = preSolution
		Debug|Any CPU = Debug|Any CPU
		Release|Any CPU = Release|Any CPU
	EndGlobalSection
	GlobalSection(ProjectConfigurationPlatforms) = postSolution
		{77B77F7C-63F8-4EB1-8548-F1526F7BF2DA}.Debug|Any CPU.ActiveCfg = Debug|Any CPU
		{77B77F7C-63F8-4EB1-8548-F1526F7BF2DA}.Debug|Any CPU.Build.0 = Debug|Any CPU
		{77B77F7C-63F8-4EB1-8548-F1526F7BF2DA}.Release|Any CPU.ActiveCfg = Release|Any CPU
		{77B77F7C-63F8-4EB1-8548-F1526F7BF2DA}.Release|Any CPU.Build.0 = Release|Any CPU
	EndGlobalSection
	GlobalSection(SolutionProperties) = preSolution
		HideSolutionNode = FALSE
	EndGlobalSection
	GlobalSection(ExtensibilityGlobals) = postSolution
		SolutionGuid = {032466D4-5A79-4320-84FB-C0799F018DB5}
	EndGlobalSection
EndGlobal
